
Microsoft Visual Studio Solution File, Format Version 12.00
# Visual Studio Version 16
VisualStudioVersion = 16.0.31313.79
MinimumVisualStudioVersion = 10.0.40219.1
Project("{FAE04EC0-301F-11D3-BF4B-00C04F79EFBC}") = "BlazorChartSample.Client", "BlazorChartSample.Client\BlazorChartSample.Client\BlazorChartSample.Client.csproj", "{3A258BF5-CEF9-4C6D-B31E-F35F188B668D}"
EndProject
Project("{FAE04EC0-301F-11D3-BF4B-00C04F79EFBC}") = "BlazorChartSample.WebApi", "BlazorChartSample.WebApi\BlazorChartSample.WebApi\BlazorChartSample.WebApi.csproj", "{EA086E6C-E086-4A5B-9CB3-72F1D99D4C1A}"
EndProject
Global
	GlobalSection(SolutionConfigurationPlatforms) = preSolution
		Debug|Any CPU = Debug|Any CPU
		Release|Any CPU = Release|Any CPU
	EndGlobalSection
	GlobalSection(ProjectConfigurationPlatforms) = postSolution
		{3A258BF5-CEF9-4C6D-B31E-F35F188B668D}.Debug|Any CPU.ActiveCfg = Debug|Any CPU
		{3A258BF5-CEF9-4C6D-B31E-F35F188B668D}.Debug|Any CPU.Build.0 = Debug|Any CPU
		{3A258BF5-CEF9-4C6D-B31E-F35F188B668D}.Release|Any CPU.ActiveCfg = Release|Any CPU
		{3A258BF5-CEF9-4C6D-B31E-F35F188B668D}.Release|Any CPU.Build.0 = Release|Any CPU
		{EA086E6C-E086-4A5B-9CB3-72F1D99D4C1A}.Debug|Any CPU.ActiveCfg = Debug|Any CPU
		{EA086E6C-E086-4A5B-9CB3-72F1D99D4C1A}.Debug|Any CPU.Build.0 = Debug|Any CPU
		{EA086E6C-E086-4A5B-9CB3-72F1D99D4C1A}.Release|Any CPU.ActiveCfg = Release|Any CPU
		{EA086E6C-E086-4A5B-9CB3-72F1D99D4C1A}.Release|Any CPU.Build.0 = Release|Any CPU
	EndGlobalSection
	GlobalSection(SolutionProperties) = preSolution
		HideSolutionNode = FALSE
	EndGlobalSection
	GlobalSection(ExtensibilityGlobals) = postSolution
		SolutionGuid = {F2D970B1-7C56-4C0E-9047-165F3F3BB064}
	EndGlobalSection
EndGlobal
